# This file is automatically @generated by Cargo.
# It is not intended for manual editing.
version = 3

[[package]]
name = "win32_custom_draw_issue"
version = "0.1.0"
dependencies = [
 "winsafe",
]

[[package]]
name = "winsafe"
version = "0.0.18"
source = "git+https://github.com/rodrigocfd/winsafe.git#f1b34a2c12fa0016662008c71c8cae0752a06c62"
